# This file is automatically @generated by Cargo.
# It is not intended for manual editing.
version = 3

[[package]]
name = "android_system_properties"
version = "0.1.5"
source = "registry+https://github.com/rust-lang/crates.io-index"
checksum = "819e7219dbd41043ac279b19830f2efc897156490d7fd6ea916720117ee66311"
dependencies = [
 "libc",
]

[[package]]
name = "anyhow"
version = "1.0.68"
source = "registry+https://github.com/rust-lang/crates.io-index"
checksum = "2cb2f989d18dd141ab8ae82f64d1a8cdd37e0840f73a406896cf5e99502fab61"

[[package]]
name = "autocfg"
version = "1.1.0"
source = "registry+https://github.com/rust-lang/crates.io-index"
checksum = "d468802bab17cbc0cc575e9b053f41e72aa36bfa6b7f55e3529ffa43161b97fa"

[[package]]
name = "base16"
version = "0.2.1"
source = "registry+https://github.com/rust-lang/crates.io-index"
checksum = "d27c3610c36aee21ce8ac510e6224498de4228ad772a171ed65643a24693a5a8"

[[package]]
name = "base64"
version = "0.13.1"
source = "registry+https://github.com/rust-lang/crates.io-index"
checksum = "9e1b586273c5702936fe7b7d6896644d8be71e6314cfe09d3167c95f712589e8"

[[package]]
name = "base64"
version = "0.20.0"
source = "registry+https://github.com/rust-lang/crates.io-index"
checksum = "0ea22880d78093b0cbe17c89f64a7d457941e65759157ec6cb31a31d652b05e5"

[[package]]
name = "bincode"
version = "1.3.3"
source = "registry+https://github.com/rust-lang/crates.io-index"
checksum = "b1f45e9417d87227c7a56d22e471c6206462cba514c7590c09aff4cf6d1ddcad"
dependencies = [
 "serde",
]

[[package]]
name = "bit-set"
version = "0.5.3"
source = "registry+https://github.com/rust-lang/crates.io-index"
checksum = "0700ddab506f33b20a03b13996eccd309a48e5ff77d0d95926aa0210fb4e95f1"
dependencies = [
 "bit-vec",
]

[[package]]
name = "bit-vec"
version = "0.6.3"
source = "registry+https://github.com/rust-lang/crates.io-index"
checksum = "349f9b6a179ed607305526ca489b34ad0a41aed5f7980fa90eb03160b69598fb"

[[package]]
name = "bitflags"
version = "1.3.2"
source = "registry+https://github.com/rust-lang/crates.io-index"
checksum = "bef38d45163c2f1dde094a7dfd33ccf595c92905c8f8f4fdc18d06fb1037718a"

[[package]]
name = "bitvec"
version = "0.18.5"
source = "registry+https://github.com/rust-lang/crates.io-index"
checksum = "98fcd36dda4e17b7d7abc64cb549bf0201f4ab71e00700c798ca7e62ed3761fa"
dependencies = [
 "funty",
 "radium",
 "wyz",
]

[[package]]
name = "blake2"
version = "0.9.2"
source = "registry+https://github.com/rust-lang/crates.io-index"
checksum = "0a4e37d16930f5459780f5621038b6382b9bb37c19016f39fb6b5808d831f174"
dependencies = [
 "crypto-mac 0.8.0",
 "digest 0.9.0",
 "opaque-debug",
]

[[package]]
name = "blake2"
version = "0.10.6"
source = "registry+https://github.com/rust-lang/crates.io-index"
checksum = "46502ad458c9a52b69d4d4d32775c788b7a1b85e8bc9d482d92250fc0e3f8efe"
dependencies = [
 "digest 0.10.6",
]

[[package]]
name = "block-buffer"
version = "0.9.0"
source = "registry+https://github.com/rust-lang/crates.io-index"
checksum = "4152116fd6e9dadb291ae18fc1ec3575ed6d84c29642d97890f4b4a3417297e4"
dependencies = [
 "generic-array",
]

[[package]]
name = "block-buffer"
version = "0.10.3"
source = "registry+https://github.com/rust-lang/crates.io-index"
checksum = "69cce20737498f97b993470a6e536b8523f0af7892a4f928cceb1ac5e52ebe7e"
dependencies = [
 "generic-array",
]

[[package]]
name = "bumpalo"
version = "3.11.1"
source = "registry+https://github.com/rust-lang/crates.io-index"
checksum = "572f695136211188308f16ad2ca5c851a712c464060ae6974944458eb83880ba"

[[package]]
name = "byteorder"
version = "1.4.3"
source = "registry+https://github.com/rust-lang/crates.io-index"
checksum = "14c189c53d098945499cdfa7ecc63567cf3886b3332b312a5b4585d8d3a6a610"

[[package]]
name = "casper-contract"
version = "1.4.4"
source = "registry+https://github.com/rust-lang/crates.io-index"
checksum = "790b76807d64788758208757b0a17970bf756cb7c392f55b1a22021a34f95991"
dependencies = [
 "casper-types",
 "hex_fmt",
 "wee_alloc",
]

[[package]]
name = "casper-engine-test-support"
version = "2.2.0"
source = "registry+https://github.com/rust-lang/crates.io-index"
checksum = "5917452bb3294b982e01b13b80498b4beb639c79bb5842654483fd7677fa6310"
dependencies = [
 "casper-execution-engine",
 "casper-hashing",
 "casper-types",
 "filesize",
 "lmdb",
 "log",
 "num-rational 0.4.1",
 "num-traits",
 "once_cell",
 "rand 0.8.5",
 "tempfile",
]

[[package]]
name = "casper-erc20"
version = "0.2.1"
dependencies = [
 "base64 0.20.0",
 "casper-contract",
 "casper-types",
 "hex",
 "once_cell",
]

[[package]]
name = "casper-execution-engine"
version = "2.0.1"
source = "registry+https://github.com/rust-lang/crates.io-index"
checksum = "a25d8e4ab262aa43d0fece3b3ca6ae7e40dd50e5b6a1c16d6e7104556b6f8674"
dependencies = [
 "anyhow",
 "base16",
 "bincode",
 "casper-hashing",
 "casper-types",
 "chrono",
 "datasize",
 "hex-buffer-serde 0.2.2",
 "hex_fmt",
 "hostname",
 "itertools",
 "libc",
 "linked-hash-map",
 "lmdb",
 "log",
 "num",
 "num-derive",
 "num-rational 0.4.1",
 "num-traits",
 "num_cpus",
 "once_cell",
 "parity-wasm",
 "proptest",
 "pwasm-utils",
 "rand 0.8.5",
 "rand_chacha 0.3.1",
 "schemars",
 "serde",
 "serde_bytes",
 "serde_json",
 "thiserror",
 "tracing",
 "uint",
 "uuid",
 "wasmi",
]

[[package]]
name = "casper-hashing"
version = "1.4.3"
source = "registry+https://github.com/rust-lang/crates.io-index"
checksum = "5af18f77cbabac69777333e0551accf1cd403995706953d4dabc56d7b56667a8"
dependencies = [
 "base16",
 "blake2 0.9.2",
 "casper-types",
 "datasize",
 "hex",
 "hex-buffer-serde 0.3.0",
 "itertools",
 "schemars",
 "serde",
 "thiserror",
]

[[package]]
name = "casper-types"
version = "1.5.0"
source = "registry+https://github.com/rust-lang/crates.io-index"
checksum = "a13e82a13d1784104fd021a38da56c69da94e84b26b03c2cf3d8da3895a16c8c"
dependencies = [
 "base16",
 "base64 0.13.1",
 "bitflags",
 "blake2 0.9.2",
 "datasize",
 "ed25519-dalek",
 "hex",
 "hex_fmt",
 "k256",
 "num",
 "num-derive",
 "num-integer",
 "num-rational 0.4.1",
 "num-traits",
 "once_cell",
 "proptest",
 "rand 0.8.5",
 "schemars",
 "serde",
 "serde_bytes",
 "serde_json",
 "uint",
]

[[package]]
name = "cc"
version = "1.0.78"
source = "registry+https://github.com/rust-lang/crates.io-index"
checksum = "a20104e2335ce8a659d6dd92a51a767a0c062599c73b343fd152cb401e828c3d"

[[package]]
name = "cfg-if"
version = "0.1.10"
source = "registry+https://github.com/rust-lang/crates.io-index"
checksum = "4785bdd1c96b2a846b2bd7cc02e86b6b3dbf14e7e53446c4f54c92a361040822"

[[package]]
name = "cfg-if"
version = "1.0.0"
source = "registry+https://github.com/rust-lang/crates.io-index"
checksum = "baf1de4339761588bc0619e3cbc0120ee582ebb74b53b4efbf79117bd2da40fd"

[[package]]
name = "chrono"
version = "0.4.23"
source = "registry+https://github.com/rust-lang/crates.io-index"
checksum = "16b0a3d9ed01224b22057780a37bb8c5dbfe1be8ba48678e7bf57ec4b385411f"
dependencies = [
 "iana-time-zone",
 "js-sys",
 "num-integer",
 "num-traits",
 "time",
 "wasm-bindgen",
 "winapi",
]

[[package]]
name = "codespan-reporting"
version = "0.11.1"
source = "registry+https://github.com/rust-lang/crates.io-index"
checksum = "3538270d33cc669650c4b093848450d380def10c331d38c768e34cac80576e6e"
dependencies = [
 "termcolor",
 "unicode-width",
]

[[package]]
name = "core-foundation-sys"
version = "0.8.3"
source = "registry+https://github.com/rust-lang/crates.io-index"
checksum = "5827cebf4670468b8772dd191856768aedcb1b0278a04f989f7766351917b9dc"

[[package]]
name = "cpufeatures"
version = "0.2.5"
source = "registry+https://github.com/rust-lang/crates.io-index"
checksum = "28d997bd5e24a5928dd43e46dc529867e207907fe0b239c3477d924f7f2ca320"
dependencies = [
 "libc",
]

[[package]]
name = "crunchy"
version = "0.2.2"
source = "registry+https://github.com/rust-lang/crates.io-index"
checksum = "7a81dae078cea95a014a339291cec439d2f232ebe854a9d672b796c6afafa9b7"

[[package]]
name = "crypto-common"
version = "0.1.6"
source = "registry+https://github.com/rust-lang/crates.io-index"
checksum = "1bfb12502f3fc46cca1bb51ac28df9d618d813cdc3d2f25b9fe775a34af26bb3"
dependencies = [
 "generic-array",
 "typenum",
]

[[package]]
name = "crypto-mac"
version = "0.8.0"
source = "registry+https://github.com/rust-lang/crates.io-index"
checksum = "b584a330336237c1eecd3e94266efb216c56ed91225d634cb2991c5f3fd1aeab"
dependencies = [
 "generic-array",
 "subtle",
]

[[package]]
name = "crypto-mac"
version = "0.10.1"
source = "registry+https://github.com/rust-lang/crates.io-index"
checksum = "bff07008ec701e8028e2ceb8f83f0e4274ee62bd2dbdc4fefff2e9a91824081a"
dependencies = [
 "generic-array",
 "subtle",
]

[[package]]
name = "ctor"
version = "0.1.26"
source = "registry+https://github.com/rust-lang/crates.io-index"
checksum = "6d2301688392eb071b0bf1a37be05c469d3cc4dbbd95df672fe28ab021e6a096"
dependencies = [
 "quote",
 "syn",
]

[[package]]
name = "curve25519-dalek"
version = "3.2.1"
source = "registry+https://github.com/rust-lang/crates.io-index"
checksum = "90f9d052967f590a76e62eb387bd0bbb1b000182c3cefe5364db6b7211651bc0"
dependencies = [
 "byteorder",
 "digest 0.9.0",
 "rand_core 0.5.1",
 "subtle",
 "zeroize",
]

[[package]]
name = "cxx"
version = "1.0.85"
source = "registry+https://github.com/rust-lang/crates.io-index"
checksum = "5add3fc1717409d029b20c5b6903fc0c0b02fa6741d820054f4a2efa5e5816fd"
dependencies = [
 "cc",
 "cxxbridge-flags",
 "cxxbridge-macro",
 "link-cplusplus",
]

[[package]]
name = "cxx-build"
version = "1.0.85"
source = "registry+https://github.com/rust-lang/crates.io-index"
checksum = "b4c87959ba14bc6fbc61df77c3fcfe180fc32b93538c4f1031dd802ccb5f2ff0"
dependencies = [
 "cc",
 "codespan-reporting",
 "once_cell",
 "proc-macro2",
 "quote",
 "scratch",
 "syn",
]

[[package]]
name = "cxxbridge-flags"
version = "1.0.85"
source = "registry+https://github.com/rust-lang/crates.io-index"
checksum = "69a3e162fde4e594ed2b07d0f83c6c67b745e7f28ce58c6df5e6b6bef99dfb59"

[[package]]
name = "cxxbridge-macro"
version = "1.0.85"
source = "registry+https://github.com/rust-lang/crates.io-index"
checksum = "3e7e2adeb6a0d4a282e581096b06e1791532b7d576dcde5ccd9382acf55db8e6"
dependencies = [
 "proc-macro2",
 "quote",
 "syn",
]

[[package]]
name = "datasize"
version = "0.2.11"
source = "registry+https://github.com/rust-lang/crates.io-index"
checksum = "6eeb75c8424b31fc9e13aa703f73e40aa9b7e3c0d22059162f61abe18f24128b"
dependencies = [
 "datasize_derive",
]

[[package]]
name = "datasize_derive"
version = "0.2.11"
source = "registry+https://github.com/rust-lang/crates.io-index"
checksum = "ecd3ee63556774dd6d8a6b98416475dd5e35872985699bbb19c4d7ad4ccecaff"
dependencies = [
 "proc-macro2",
 "quote",
 "syn",
]

[[package]]
name = "digest"
version = "0.9.0"
source = "registry+https://github.com/rust-lang/crates.io-index"
checksum = "d3dd60d1080a57a05ab032377049e0591415d2b31afd7028356dbf3cc6dcb066"
dependencies = [
 "generic-array",
]

[[package]]
name = "digest"
version = "0.10.6"
source = "registry+https://github.com/rust-lang/crates.io-index"
checksum = "8168378f4e5023e7218c89c891c0fd8ecdb5e5e4f18cb78f38cf245dd021e76f"
dependencies = [
 "block-buffer 0.10.3",
 "crypto-common",
 "subtle",
]

[[package]]
name = "downcast-rs"
version = "1.2.0"
source = "registry+https://github.com/rust-lang/crates.io-index"
checksum = "9ea835d29036a4087793836fa931b08837ad5e957da9e23886b29586fb9b6650"

[[package]]
name = "dyn-clone"
version = "1.0.10"
source = "registry+https://github.com/rust-lang/crates.io-index"
checksum = "c9b0705efd4599c15a38151f4721f7bc388306f61084d3bfd50bd07fbca5cb60"

[[package]]
name = "ecdsa"
version = "0.10.2"
source = "registry+https://github.com/rust-lang/crates.io-index"
checksum = "41fbdb4ff710acb4db8ca29f93b897529ea6d6a45626d5183b47e012aa6ae7e4"
dependencies = [
 "elliptic-curve",
 "hmac",
 "signature",
]

[[package]]
name = "ed25519"
version = "1.2.0"
source = "registry+https://github.com/rust-lang/crates.io-index"
checksum = "4620d40f6d2601794401d6dd95a5cf69b6c157852539470eeda433a99b3c0efc"
dependencies = [
 "signature",
]

[[package]]
name = "ed25519-dalek"
version = "1.0.1"
source = "registry+https://github.com/rust-lang/crates.io-index"
checksum = "c762bae6dcaf24c4c84667b8579785430908723d5c889f469d76a41d59cc7a9d"
dependencies = [
 "curve25519-dalek",
 "ed25519",
 "rand 0.7.3",
 "sha2",
 "zeroize",
]

[[package]]
name = "either"
version = "1.8.0"
source = "registry+https://github.com/rust-lang/crates.io-index"
checksum = "90e5c1c8368803113bf0c9584fc495a58b86dc8a29edbf8fe877d21d9507e797"

[[package]]
name = "elliptic-curve"
version = "0.8.5"
source = "registry+https://github.com/rust-lang/crates.io-index"
checksum = "f2db227e61a43a34915680bdda462ec0e212095518020a88a1f91acd16092c39"
dependencies = [
 "bitvec",
 "digest 0.9.0",
 "ff",
 "funty",
 "generic-array",
 "group",
 "rand_core 0.5.1",
 "subtle",
 "zeroize",
]

[[package]]
name = "erc20-test"
version = "0.2.1"
dependencies = [
 "casper-contract",
 "casper-erc20",
 "casper-types",
]

[[package]]
name = "erc20-test-call"
version = "0.2.1"
dependencies = [
 "base64 0.20.0",
 "blake2 0.10.6",
 "casper-contract",
 "casper-erc20",
 "casper-types",
 "hex",
]

[[package]]
name = "erc20-tests"
version = "0.2.1"
dependencies = [
 "base64 0.13.1",
 "blake2 0.9.2",
 "casper-engine-test-support",
 "casper-erc20",
 "casper-execution-engine",
 "casper-types",
 "hex",
]

[[package]]
name = "erc20-token"
version = "0.2.1"
dependencies = [
 "casper-contract",
 "casper-erc20",
 "casper-types",
]

[[package]]
name = "fastrand"
version = "1.8.0"
source = "registry+https://github.com/rust-lang/crates.io-index"
checksum = "a7a407cfaa3385c4ae6b23e84623d48c2798d06e3e6a1878f7f59f17b3f86499"
dependencies = [
 "instant",
]

[[package]]
name = "ff"
version = "0.8.0"
source = "registry+https://github.com/rust-lang/crates.io-index"
checksum = "01646e077d4ebda82b73f1bca002ea1e91561a77df2431a9e79729bcc31950ef"
dependencies = [
 "bitvec",
 "rand_core 0.5.1",
 "subtle",
]

[[package]]
name = "filesize"
version = "0.2.0"
source = "registry+https://github.com/rust-lang/crates.io-index"
checksum = "12d741e2415d4e2e5bd1c1d00409d1a8865a57892c2d689b504365655d237d43"
dependencies = [
 "winapi",
]

[[package]]
name = "fnv"
version = "1.0.7"
source = "registry+https://github.com/rust-lang/crates.io-index"
checksum = "3f9eec918d3f24069decb9af1554cad7c880e2da24a9afd88aca000531ab82c1"

[[package]]
name = "funty"
version = "1.1.0"
source = "registry+https://github.com/rust-lang/crates.io-index"
checksum = "fed34cd105917e91daa4da6b3728c47b068749d6a62c59811f06ed2ac71d9da7"

[[package]]
name = "generic-array"
version = "0.14.6"
source = "registry+https://github.com/rust-lang/crates.io-index"
checksum = "bff49e947297f3312447abdca79f45f4738097cc82b06e72054d2223f601f1b9"
dependencies = [
 "typenum",
 "version_check",
]

[[package]]
name = "getrandom"
version = "0.2.8"
source = "registry+https://github.com/rust-lang/crates.io-index"
checksum = "c05aeb6a22b8f62540c194aac980f2115af067bfe15a0734d7277a768d396b31"
dependencies = [
 "cfg-if 1.0.0",
 "libc",
 "wasi 0.11.0+wasi-snapshot-preview1",
]

[[package]]
name = "group"
version = "0.8.0"
source = "registry+https://github.com/rust-lang/crates.io-index"
checksum = "cc11f9f5fbf1943b48ae7c2bf6846e7d827a512d1be4f23af708f5ca5d01dde1"
dependencies = [
 "ff",
 "rand_core 0.5.1",
 "subtle",
]

[[package]]
name = "hashbrown"
version = "0.12.3"
source = "registry+https://github.com/rust-lang/crates.io-index"
checksum = "8a9ee70c43aaf417c914396645a0fa852624801b24ebb7ae78fe8272889ac888"

[[package]]
name = "hermit-abi"
version = "0.1.19"
source = "registry+https://github.com/rust-lang/crates.io-index"
checksum = "62b467343b94ba476dcb2500d242dadbb39557df889310ac77c5d99100aaac33"
dependencies = [
 "libc",
]

[[package]]
name = "hex"
version = "0.4.3"
source = "registry+https://github.com/rust-lang/crates.io-index"
checksum = "7f24254aa9a54b5c858eaee2f5bccdb46aaf0e486a595ed5fd8f86ba55232a70"
dependencies = [
 "serde",
]

[[package]]
name = "hex-buffer-serde"
version = "0.2.2"
source = "registry+https://github.com/rust-lang/crates.io-index"
checksum = "310e9578ff64e65a3a18e0624609f6833ee4a20503ef38eebb48430cf8ac3ab8"
dependencies = [
 "hex",
 "serde",
]

[[package]]
name = "hex-buffer-serde"
version = "0.3.0"
source = "registry+https://github.com/rust-lang/crates.io-index"
checksum = "08f52012c160668b4494727f3588045aa00429849fcae51de70d68fa98228039"
dependencies = [
 "hex",
 "serde",
]

[[package]]
name = "hex_fmt"
version = "0.3.0"
source = "registry+https://github.com/rust-lang/crates.io-index"
checksum = "b07f60793ff0a4d9cef0f18e63b5357e06209987153a64648c972c1e5aff336f"

[[package]]
name = "hmac"
version = "0.10.1"
source = "registry+https://github.com/rust-lang/crates.io-index"
checksum = "c1441c6b1e930e2817404b5046f1f989899143a12bf92de603b69f4e0aee1e15"
dependencies = [
 "crypto-mac 0.10.1",
 "digest 0.9.0",
]

[[package]]
name = "hostname"
version = "0.3.1"
source = "registry+https://github.com/rust-lang/crates.io-index"
checksum = "3c731c3e10504cc8ed35cfe2f1db4c9274c3d35fa486e3b31df46f068ef3e867"
dependencies = [
 "libc",
 "match_cfg",
 "winapi",
]

[[package]]
name = "iana-time-zone"
version = "0.1.53"
source = "registry+https://github.com/rust-lang/crates.io-index"
checksum = "64c122667b287044802d6ce17ee2ddf13207ed924c712de9a66a5814d5b64765"
dependencies = [
 "android_system_properties",
 "core-foundation-sys",
 "iana-time-zone-haiku",
 "js-sys",
 "wasm-bindgen",
 "winapi",
]

[[package]]
name = "iana-time-zone-haiku"
version = "0.1.1"
source = "registry+https://github.com/rust-lang/crates.io-index"
checksum = "0703ae284fc167426161c2e3f1da3ea71d94b21bedbcc9494e92b28e334e3dca"
dependencies = [
 "cxx",
 "cxx-build",
]

[[package]]
name = "indexmap"
version = "1.9.2"
source = "registry+https://github.com/rust-lang/crates.io-index"
checksum = "1885e79c1fc4b10f0e172c475f458b7f7b93061064d98c3293e98c5ba0c8b399"
dependencies = [
 "autocfg",
 "hashbrown",
 "serde",
]

[[package]]
name = "instant"
version = "0.1.12"
source = "registry+https://github.com/rust-lang/crates.io-index"
checksum = "7a5bbe824c507c5da5956355e86a746d82e0e1464f65d862cc5e71da70e94b2c"
dependencies = [
 "cfg-if 1.0.0",
]

[[package]]
name = "itertools"
version = "0.10.5"
source = "registry+https://github.com/rust-lang/crates.io-index"
checksum = "b0fd2260e829bddf4cb6ea802289de2f86d6a7a690192fbe91b3f46e0f2c8473"
dependencies = [
 "either",
]

[[package]]
name = "itoa"
version = "1.0.5"
source = "registry+https://github.com/rust-lang/crates.io-index"
checksum = "fad582f4b9e86b6caa621cabeb0963332d92eea04729ab12892c2533951e6440"

[[package]]
name = "js-sys"
version = "0.3.60"
source = "registry+https://github.com/rust-lang/crates.io-index"
checksum = "49409df3e3bf0856b916e2ceaca09ee28e6871cf7d9ce97a692cacfdb2a25a47"
dependencies = [
 "wasm-bindgen",
]

[[package]]
name = "k256"
version = "0.7.3"
source = "registry+https://github.com/rust-lang/crates.io-index"
checksum = "4476a0808212a9e81ce802eb1a0cfc60e73aea296553bacc0fac7e1268bc572a"
dependencies = [
 "cfg-if 1.0.0",
 "ecdsa",
 "elliptic-curve",
]

[[package]]
name = "lazy_static"
version = "1.4.0"
source = "registry+https://github.com/rust-lang/crates.io-index"
checksum = "e2abad23fbc42b3700f2f279844dc832adb2b2eb069b2df918f455c4e18cc646"

[[package]]
name = "libc"
version = "0.2.138"
source = "registry+https://github.com/rust-lang/crates.io-index"
checksum = "db6d7e329c562c5dfab7a46a2afabc8b987ab9a4834c9d1ca04dc54c1546cef8"

[[package]]
name = "link-cplusplus"
version = "1.0.8"
source = "registry+https://github.com/rust-lang/crates.io-index"
checksum = "ecd207c9c713c34f95a097a5b029ac2ce6010530c7b49d7fea24d977dede04f5"
dependencies = [
 "cc",
]

[[package]]
name = "linked-hash-map"
version = "0.5.6"
source = "registry+https://github.com/rust-lang/crates.io-index"
checksum = "0717cef1bc8b636c6e1c1bbdefc09e6322da8a9321966e8928ef80d20f7f770f"

[[package]]
name = "lmdb"
version = "0.8.0"
source = "registry+https://github.com/rust-lang/crates.io-index"
checksum = "5b0908efb5d6496aa977d96f91413da2635a902e5e31dbef0bfb88986c248539"
dependencies = [
 "bitflags",
 "libc",
 "lmdb-sys",
]

[[package]]
name = "lmdb-sys"
version = "0.8.0"
source = "registry+https://github.com/rust-lang/crates.io-index"
checksum = "d5b392838cfe8858e86fac37cf97a0e8c55cc60ba0a18365cadc33092f128ce9"
dependencies = [
 "cc",
 "libc",
 "pkg-config",
]

[[package]]
name = "log"
version = "0.4.17"
source = "registry+https://github.com/rust-lang/crates.io-index"
checksum = "abb12e687cfb44aa40f41fc3978ef76448f9b6038cad6aef4259d3c095a2382e"
dependencies = [
 "cfg-if 1.0.0",
 "serde",
 "value-bag",
]

[[package]]
name = "match_cfg"
version = "0.1.0"
source = "registry+https://github.com/rust-lang/crates.io-index"
checksum = "ffbee8634e0d45d258acb448e7eaab3fce7a0a467395d4d9f228e3c1f01fb2e4"

[[package]]
name = "memory_units"
version = "0.3.0"
source = "registry+https://github.com/rust-lang/crates.io-index"
checksum = "71d96e3f3c0b6325d8ccd83c33b28acb183edcb6c67938ba104ec546854b0882"

[[package]]
name = "memory_units"
version = "0.4.0"
source = "registry+https://github.com/rust-lang/crates.io-index"
checksum = "8452105ba047068f40ff7093dd1d9da90898e63dd61736462e9cdda6a90ad3c3"

[[package]]
name = "num"
version = "0.4.0"
source = "registry+https://github.com/rust-lang/crates.io-index"
checksum = "43db66d1170d347f9a065114077f7dccb00c1b9478c89384490a3425279a4606"
dependencies = [
 "num-bigint 0.4.3",
 "num-complex",
 "num-integer",
 "num-iter",
 "num-rational 0.4.1",
 "num-traits",
]

[[package]]
name = "num-bigint"
version = "0.2.6"
source = "registry+https://github.com/rust-lang/crates.io-index"
checksum = "090c7f9998ee0ff65aa5b723e4009f7b217707f1fb5ea551329cc4d6231fb304"
dependencies = [
 "autocfg",
 "num-integer",
 "num-traits",
]

[[package]]
name = "num-bigint"
version = "0.4.3"
source = "registry+https://github.com/rust-lang/crates.io-index"
checksum = "f93ab6289c7b344a8a9f60f88d80aa20032336fe78da341afc91c8a2341fc75f"
dependencies = [
 "autocfg",
 "num-integer",
 "num-traits",
]

[[package]]
name = "num-complex"
version = "0.4.2"
source = "registry+https://github.com/rust-lang/crates.io-index"
checksum = "7ae39348c8bc5fbd7f40c727a9925f03517afd2ab27d46702108b6a7e5414c19"
dependencies = [
 "num-traits",
]

[[package]]
name = "num-derive"
version = "0.3.3"
source = "registry+https://github.com/rust-lang/crates.io-index"
checksum = "876a53fff98e03a936a674b29568b0e605f06b29372c2489ff4de23f1949743d"
dependencies = [
 "proc-macro2",
 "quote",
 "syn",
]

[[package]]
name = "num-integer"
version = "0.1.45"
source = "registry+https://github.com/rust-lang/crates.io-index"
checksum = "225d3389fb3509a24c93f5c29eb6bde2586b98d9f016636dff58d7c6f7569cd9"
dependencies = [
 "autocfg",
 "num-traits",
]

[[package]]
name = "num-iter"
version = "0.1.43"
source = "registry+https://github.com/rust-lang/crates.io-index"
checksum = "7d03e6c028c5dc5cac6e2dec0efda81fc887605bb3d884578bb6d6bf7514e252"
dependencies = [
 "autocfg",
 "num-integer",
 "num-traits",
]

[[package]]
name = "num-rational"
version = "0.2.4"
source = "registry+https://github.com/rust-lang/crates.io-index"
checksum = "5c000134b5dbf44adc5cb772486d335293351644b801551abe8f75c84cfa4aef"
dependencies = [
 "autocfg",
 "num-bigint 0.2.6",
 "num-integer",
 "num-traits",
]

[[package]]
name = "num-rational"
version = "0.4.1"
source = "registry+https://github.com/rust-lang/crates.io-index"
checksum = "0638a1c9d0a3c0914158145bc76cff373a75a627e6ecbfb71cbe6f453a5a19b0"
dependencies = [
 "autocfg",
 "num-bigint 0.4.3",
 "num-integer",
 "num-traits",
 "serde",
]

[[package]]
name = "num-traits"
version = "0.2.15"
source = "registry+https://github.com/rust-lang/crates.io-index"
checksum = "578ede34cf02f8924ab9447f50c28075b4d3e5b269972345e7e0372b38c6cdcd"
dependencies = [
 "autocfg",
]

[[package]]
name = "num_cpus"
version = "1.14.0"
source = "registry+https://github.com/rust-lang/crates.io-index"
checksum = "f6058e64324c71e02bc2b150e4f3bc8286db6c83092132ffa3f6b1eab0f9def5"
dependencies = [
 "hermit-abi",
 "libc",
]

[[package]]
name = "once_cell"
version = "1.16.0"
source = "registry+https://github.com/rust-lang/crates.io-index"
checksum = "86f0b0d4bf799edbc74508c1e8bf170ff5f41238e5f8225603ca7caaae2b7860"

[[package]]
name = "opaque-debug"
version = "0.3.0"
source = "registry+https://github.com/rust-lang/crates.io-index"
checksum = "624a8340c38c1b80fd549087862da4ba43e08858af025b236e509b6649fc13d5"

[[package]]
name = "parity-wasm"
version = "0.41.0"
source = "registry+https://github.com/rust-lang/crates.io-index"
checksum = "ddfc878dac00da22f8f61e7af3157988424567ab01d9920b962ef7dcbd7cd865"

[[package]]
name = "pin-project-lite"
version = "0.2.9"
source = "registry+https://github.com/rust-lang/crates.io-index"
checksum = "e0a7ae3ac2f1173085d398531c705756c94a4c56843785df85a60c1a0afac116"

[[package]]
name = "pkg-config"
version = "0.3.26"
source = "registry+https://github.com/rust-lang/crates.io-index"
checksum = "6ac9a59f73473f1b8d852421e59e64809f025994837ef743615c6d0c5b305160"

[[package]]
name = "ppv-lite86"
version = "0.2.17"
source = "registry+https://github.com/rust-lang/crates.io-index"
checksum = "5b40af805b3121feab8a3c29f04d8ad262fa8e0561883e7653e024ae4479e6de"

[[package]]
name = "proc-macro2"
version = "1.0.49"
source = "registry+https://github.com/rust-lang/crates.io-index"
checksum = "57a8eca9f9c4ffde41714334dee777596264c7825420f521abc92b5b5deb63a5"
dependencies = [
 "unicode-ident",
]

[[package]]
name = "proptest"
version = "1.0.0"
source = "registry+https://github.com/rust-lang/crates.io-index"
checksum = "1e0d9cc07f18492d879586c92b485def06bc850da3118075cd45d50e9c95b0e5"
dependencies = [
 "bit-set",
 "bitflags",
 "byteorder",
 "lazy_static",
 "num-traits",
 "quick-error 2.0.1",
 "rand 0.8.5",
 "rand_chacha 0.3.1",
 "rand_xorshift",
 "regex-syntax",
 "rusty-fork",
 "tempfile",
]

[[package]]
name = "pwasm-utils"
version = "0.16.0"
source = "registry+https://github.com/rust-lang/crates.io-index"
checksum = "1c8ac87af529432d3a4f0e2b3bbf08af49f28f09cc73ed7e551161bdaef5f78d"
dependencies = [
 "byteorder",
 "log",
 "parity-wasm",
]

[[package]]
name = "quick-error"
version = "1.2.3"
source = "registry+https://github.com/rust-lang/crates.io-index"
checksum = "a1d01941d82fa2ab50be1e79e6714289dd7cde78eba4c074bc5a4374f650dfe0"

[[package]]
name = "quick-error"
version = "2.0.1"
source = "registry+https://github.com/rust-lang/crates.io-index"
checksum = "a993555f31e5a609f617c12db6250dedcac1b0a85076912c436e6fc9b2c8e6a3"

[[package]]
name = "quote"
version = "1.0.23"
source = "registry+https://github.com/rust-lang/crates.io-index"
checksum = "8856d8364d252a14d474036ea1358d63c9e6965c8e5c1885c18f73d70bff9c7b"
dependencies = [
 "proc-macro2",
]

[[package]]
name = "radium"
version = "0.3.0"
source = "registry+https://github.com/rust-lang/crates.io-index"
checksum = "def50a86306165861203e7f84ecffbbdfdea79f0e51039b33de1e952358c47ac"

[[package]]
name = "rand"
version = "0.7.3"
source = "registry+https://github.com/rust-lang/crates.io-index"
checksum = "6a6b1679d49b24bbfe0c803429aa1874472f50d9b363131f0e89fc356b544d03"
dependencies = [
 "rand_chacha 0.2.2",
 "rand_core 0.5.1",
 "rand_hc",
]

[[package]]
name = "rand"
version = "0.8.5"
source = "registry+https://github.com/rust-lang/crates.io-index"
checksum = "34af8d1a0e25924bc5b7c43c079c942339d8f0a8b57c39049bef581b46327404"
dependencies = [
 "libc",
 "rand_chacha 0.3.1",
 "rand_core 0.6.4",
]

[[package]]
name = "rand_chacha"
version = "0.2.2"
source = "registry+https://github.com/rust-lang/crates.io-index"
checksum = "f4c8ed856279c9737206bf725bf36935d8666ead7aa69b52be55af369d193402"
dependencies = [
 "ppv-lite86",
 "rand_core 0.5.1",
]

[[package]]
name = "rand_chacha"
version = "0.3.1"
source = "registry+https://github.com/rust-lang/crates.io-index"
checksum = "e6c10a63a0fa32252be49d21e7709d4d4baf8d231c2dbce1eaa8141b9b127d88"
dependencies = [
 "ppv-lite86",
 "rand_core 0.6.4",
]

[[package]]
name = "rand_core"
version = "0.5.1"
source = "registry+https://github.com/rust-lang/crates.io-index"
checksum = "90bde5296fc891b0cef12a6d03ddccc162ce7b2aff54160af9338f8d40df6d19"

[[package]]
name = "rand_core"
version = "0.6.4"
source = "registry+https://github.com/rust-lang/crates.io-index"
checksum = "ec0be4795e2f6a28069bec0b5ff3e2ac9bafc99e6a9a7dc3547996c5c816922c"
dependencies = [
 "getrandom",
]

[[package]]
name = "rand_hc"
version = "0.2.0"
source = "registry+https://github.com/rust-lang/crates.io-index"
checksum = "ca3129af7b92a17112d59ad498c6f81eaf463253766b90396d39ea7a39d6613c"
dependencies = [
 "rand_core 0.5.1",
]

[[package]]
name = "rand_xorshift"
version = "0.3.0"
source = "registry+https://github.com/rust-lang/crates.io-index"
checksum = "d25bf25ec5ae4a3f1b92f929810509a2f53d7dca2f50b794ff57e3face536c8f"
dependencies = [
 "rand_core 0.6.4",
]

[[package]]
name = "redox_syscall"
version = "0.2.16"
source = "registry+https://github.com/rust-lang/crates.io-index"
checksum = "fb5a58c1855b4b6819d59012155603f0b22ad30cad752600aadfcb695265519a"
dependencies = [
 "bitflags",
]

[[package]]
name = "regex-syntax"
version = "0.6.28"
source = "registry+https://github.com/rust-lang/crates.io-index"
checksum = "456c603be3e8d448b072f410900c09faf164fbce2d480456f50eea6e25f9c848"

[[package]]
name = "remove_dir_all"
version = "0.5.3"
source = "registry+https://github.com/rust-lang/crates.io-index"
checksum = "3acd125665422973a33ac9d3dd2df85edad0f4ae9b00dafb1a05e43a9f5ef8e7"
dependencies = [
 "winapi",
]

[[package]]
name = "rusty-fork"
version = "0.3.0"
source = "registry+https://github.com/rust-lang/crates.io-index"
checksum = "cb3dcc6e454c328bb824492db107ab7c0ae8fcffe4ad210136ef014458c1bc4f"
dependencies = [
 "fnv",
 "quick-error 1.2.3",
 "tempfile",
 "wait-timeout",
]

[[package]]
name = "ryu"
version = "1.0.12"
source = "registry+https://github.com/rust-lang/crates.io-index"
checksum = "7b4b9743ed687d4b4bcedf9ff5eaa7398495ae14e61cba0a295704edbc7decde"

[[package]]
name = "schemars"
version = "0.8.5"
source = "registry+https://github.com/rust-lang/crates.io-index"
checksum = "b82485a532ef0af18878ad4281f73e58161cdba1db7918176e9294f0ca5498a5"
dependencies = [
 "dyn-clone",
 "indexmap",
 "schemars_derive",
 "serde",
 "serde_json",
]

[[package]]
name = "schemars_derive"
version = "0.8.5"
source = "registry+https://github.com/rust-lang/crates.io-index"
checksum = "791c2c848cff1abaeae34fef7e70da5f93171d9eea81ce0fe969a1df627a61a8"
dependencies = [
 "proc-macro2",
 "quote",
 "serde_derive_internals",
 "syn",
]

[[package]]
name = "scratch"
version = "1.0.3"
source = "registry+https://github.com/rust-lang/crates.io-index"
checksum = "ddccb15bcce173023b3fedd9436f882a0739b8dfb45e4f6b6002bee5929f61b2"

[[package]]
name = "serde"
version = "1.0.151"
source = "registry+https://github.com/rust-lang/crates.io-index"
checksum = "97fed41fc1a24994d044e6db6935e69511a1153b52c15eb42493b26fa87feba0"
dependencies = [
 "serde_derive",
]

[[package]]
name = "serde_bytes"
version = "0.11.8"
source = "registry+https://github.com/rust-lang/crates.io-index"
checksum = "718dc5fff5b36f99093fc49b280cfc96ce6fc824317783bff5a1fed0c7a64819"
dependencies = [
 "serde",
]

[[package]]
name = "serde_derive"
version = "1.0.151"
source = "registry+https://github.com/rust-lang/crates.io-index"
checksum = "255abe9a125a985c05190d687b320c12f9b1f0b99445e608c21ba0782c719ad8"
dependencies = [
 "proc-macro2",
 "quote",
 "syn",
]

[[package]]
name = "serde_derive_internals"
version = "0.25.0"
source = "registry+https://github.com/rust-lang/crates.io-index"
checksum = "1dbab34ca63057a1f15280bdf3c39f2b1eb1b54c17e98360e511637aef7418c6"
dependencies = [
 "proc-macro2",
 "quote",
 "syn",
]

[[package]]
name = "serde_json"
version = "1.0.91"
source = "registry+https://github.com/rust-lang/crates.io-index"
checksum = "877c235533714907a8c2464236f5c4b2a17262ef1bd71f38f35ea592c8da6883"
dependencies = [
 "itoa",
 "ryu",
 "serde",
]

[[package]]
name = "sha2"
version = "0.9.9"
source = "registry+https://github.com/rust-lang/crates.io-index"
checksum = "4d58a1e1bf39749807d89cf2d98ac2dfa0ff1cb3faa38fbb64dd88ac8013d800"
dependencies = [
 "block-buffer 0.9.0",
 "cfg-if 1.0.0",
 "cpufeatures",
 "digest 0.9.0",
 "opaque-debug",
]

[[package]]
name = "signature"
version = "1.2.2"
source = "registry+https://github.com/rust-lang/crates.io-index"
checksum = "29f060a7d147e33490ec10da418795238fd7545bba241504d6b31a409f2e6210"
dependencies = [
 "digest 0.9.0",
 "rand_core 0.5.1",
]

[[package]]
name = "static_assertions"
version = "1.1.0"
source = "registry+https://github.com/rust-lang/crates.io-index"
checksum = "a2eb9349b6444b326872e140eb1cf5e7c522154d69e7a0ffb0fb81c06b37543f"

[[package]]
name = "subtle"
version = "2.4.1"
source = "registry+https://github.com/rust-lang/crates.io-index"
checksum = "6bdef32e8150c2a081110b42772ffe7d7c9032b606bc226c8260fd97e0976601"

[[package]]
name = "syn"
version = "1.0.107"
source = "registry+https://github.com/rust-lang/crates.io-index"
checksum = "1f4064b5b16e03ae50984a5a8ed5d4f8803e6bc1fd170a3cda91a1be4b18e3f5"
dependencies = [
 "proc-macro2",
 "quote",
 "unicode-ident",
]

[[package]]
name = "synstructure"
version = "0.12.6"
source = "registry+https://github.com/rust-lang/crates.io-index"
checksum = "f36bdaa60a83aca3921b5259d5400cbf5e90fc51931376a9bd4a0eb79aa7210f"
dependencies = [
 "proc-macro2",
 "quote",
 "syn",
 "unicode-xid",
]

[[package]]
name = "tempfile"
version = "3.3.0"
source = "registry+https://github.com/rust-lang/crates.io-index"
checksum = "5cdb1ef4eaeeaddc8fbd371e5017057064af0911902ef36b39801f67cc6d79e4"
dependencies = [
 "cfg-if 1.0.0",
 "fastrand",
 "libc",
 "redox_syscall",
 "remove_dir_all",
 "winapi",
]

[[package]]
name = "termcolor"
version = "1.1.3"
source = "registry+https://github.com/rust-lang/crates.io-index"
checksum = "bab24d30b911b2376f3a13cc2cd443142f0c81dda04c118693e35b3835757755"
dependencies = [
 "winapi-util",
]

[[package]]
name = "tests"
version = "0.2.1"
dependencies = [
 "casper-engine-test-support",
 "casper-execution-engine",
 "casper-types",
 "once_cell",
]

[[package]]
name = "thiserror"
version = "1.0.38"
source = "registry+https://github.com/rust-lang/crates.io-index"
checksum = "6a9cd18aa97d5c45c6603caea1da6628790b37f7a34b6ca89522331c5180fed0"
dependencies = [
 "thiserror-impl",
]

[[package]]
name = "thiserror-impl"
version = "1.0.38"
source = "registry+https://github.com/rust-lang/crates.io-index"
checksum = "1fb327af4685e4d03fa8cbcf1716380da910eeb2bb8be417e7f9fd3fb164f36f"
dependencies = [
 "proc-macro2",
 "quote",
 "syn",
]

[[package]]
name = "time"
version = "0.1.45"
source = "registry+https://github.com/rust-lang/crates.io-index"
checksum = "1b797afad3f312d1c66a56d11d0316f916356d11bd158fbc6ca6389ff6bf805a"
dependencies = [
 "libc",
 "wasi 0.10.0+wasi-snapshot-preview1",
 "winapi",
]

[[package]]
name = "tracing"
version = "0.1.37"
source = "registry+https://github.com/rust-lang/crates.io-index"
checksum = "8ce8c33a8d48bd45d624a6e523445fd21ec13d3653cd51f681abf67418f54eb8"
dependencies = [
 "cfg-if 1.0.0",
 "pin-project-lite",
 "tracing-attributes",
 "tracing-core",
]

[[package]]
name = "tracing-attributes"
version = "0.1.23"
source = "registry+https://github.com/rust-lang/crates.io-index"
checksum = "4017f8f45139870ca7e672686113917c71c7a6e02d4924eda67186083c03081a"
dependencies = [
 "proc-macro2",
 "quote",
 "syn",
]

[[package]]
name = "tracing-core"
version = "0.1.30"
source = "registry+https://github.com/rust-lang/crates.io-index"
checksum = "24eb03ba0eab1fd845050058ce5e616558e8f8d8fca633e6b163fe25c797213a"
dependencies = [
 "once_cell",
]

[[package]]
name = "typenum"
version = "1.16.0"
source = "registry+https://github.com/rust-lang/crates.io-index"
checksum = "497961ef93d974e23eb6f433eb5fe1b7930b659f06d12dec6fc44a8f554c0bba"

[[package]]
name = "uint"
version = "0.9.5"
source = "registry+https://github.com/rust-lang/crates.io-index"
checksum = "76f64bba2c53b04fcab63c01a7d7427eadc821e3bc48c34dc9ba29c501164b52"
dependencies = [
 "byteorder",
 "crunchy",
 "hex",
 "static_assertions",
]

[[package]]
name = "unicode-ident"
version = "1.0.6"
source = "registry+https://github.com/rust-lang/crates.io-index"
checksum = "84a22b9f218b40614adcb3f4ff08b703773ad44fa9423e4e0d346d5db86e4ebc"

[[package]]
name = "unicode-width"
version = "0.1.10"
source = "registry+https://github.com/rust-lang/crates.io-index"
checksum = "c0edd1e5b14653f783770bce4a4dabb4a5108a5370a5f5d8cfe8710c361f6c8b"

[[package]]
name = "unicode-xid"
version = "0.2.4"
source = "registry+https://github.com/rust-lang/crates.io-index"
checksum = "f962df74c8c05a667b5ee8bcf162993134c104e96440b663c8daa176dc772d8c"

[[package]]
name = "uuid"
version = "0.8.2"
source = "registry+https://github.com/rust-lang/crates.io-index"
checksum = "bc5cf98d8186244414c848017f0e2676b3fcb46807f6668a97dfe67359a3c4b7"
dependencies = [
 "getrandom",
 "serde",
]

[[package]]
name = "value-bag"
version = "1.0.0-alpha.9"
source = "registry+https://github.com/rust-lang/crates.io-index"
checksum = "2209b78d1249f7e6f3293657c9779fe31ced465df091bbd433a1cf88e916ec55"
dependencies = [
 "ctor",
 "version_check",
]

[[package]]
name = "version_check"
version = "0.9.4"
source = "registry+https://github.com/rust-lang/crates.io-index"
checksum = "49874b5167b65d7193b8aba1567f5c7d93d001cafc34600cee003eda787e483f"

[[package]]
name = "wait-timeout"
version = "0.2.0"
source = "registry+https://github.com/rust-lang/crates.io-index"
checksum = "9f200f5b12eb75f8c1ed65abd4b2db8a6e1b138a20de009dacee265a2498f3f6"
dependencies = [
 "libc",
]

[[package]]
name = "wasi"
version = "0.10.0+wasi-snapshot-preview1"
source = "registry+https://github.com/rust-lang/crates.io-index"
checksum = "1a143597ca7c7793eff794def352d41792a93c481eb1042423ff7ff72ba2c31f"

[[package]]
name = "wasi"
version = "0.11.0+wasi-snapshot-preview1"
source = "registry+https://github.com/rust-lang/crates.io-index"
checksum = "9c8d87e72b64a3b4db28d11ce29237c246188f4f51057d65a7eab63b7987e423"

[[package]]
name = "wasm-bindgen"
version = "0.2.83"
source = "registry+https://github.com/rust-lang/crates.io-index"
checksum = "eaf9f5aceeec8be17c128b2e93e031fb8a4d469bb9c4ae2d7dc1888b26887268"
dependencies = [
 "cfg-if 1.0.0",
 "wasm-bindgen-macro",
]

[[package]]
name = "wasm-bindgen-backend"
version = "0.2.83"
source = "registry+https://github.com/rust-lang/crates.io-index"
checksum = "4c8ffb332579b0557b52d268b91feab8df3615f265d5270fec2a8c95b17c1142"
dependencies = [
 "bumpalo",
 "log",
 "once_cell",
 "proc-macro2",
 "quote",
 "syn",
 "wasm-bindgen-shared",
]

[[package]]
name = "wasm-bindgen-macro"
version = "0.2.83"
source = "registry+https://github.com/rust-lang/crates.io-index"
checksum = "052be0f94026e6cbc75cdefc9bae13fd6052cdcaf532fa6c45e7ae33a1e6c810"
dependencies = [
 "quote",
 "wasm-bindgen-macro-support",
]

[[package]]
name = "wasm-bindgen-macro-support"
version = "0.2.83"
source = "registry+https://github.com/rust-lang/crates.io-index"
checksum = "07bc0c051dc5f23e307b13285f9d75df86bfdf816c5721e573dec1f9b8aa193c"
dependencies = [
 "proc-macro2",
 "quote",
 "syn",
 "wasm-bindgen-backend",
 "wasm-bindgen-shared",
]

[[package]]
name = "wasm-bindgen-shared"
version = "0.2.83"
source = "registry+https://github.com/rust-lang/crates.io-index"
checksum = "1c38c045535d93ec4f0b4defec448e4291638ee608530863b1e2ba115d4fff7f"

[[package]]
name = "wasmi"
version = "0.8.0"
source = "registry+https://github.com/rust-lang/crates.io-index"
checksum = "5ad7e265153e1010a73e595eef3e2fd2a1fd644ba4e2dd3af4dd6bd7ec692342"
dependencies = [
 "downcast-rs",
 "libc",
 "memory_units 0.3.0",
 "num-rational 0.2.4",
 "num-traits",
 "parity-wasm",
 "wasmi-validation",
]

[[package]]
name = "wasmi-validation"
version = "0.3.0"
source = "registry+https://github.com/rust-lang/crates.io-index"
checksum = "ea78c597064ba73596099281e2f4cfc019075122a65cdda3205af94f0b264d93"
dependencies = [
 "parity-wasm",
]

[[package]]
name = "wee_alloc"
version = "0.4.5"
source = "registry+https://github.com/rust-lang/crates.io-index"
checksum = "dbb3b5a6b2bb17cb6ad44a2e68a43e8d2722c997da10e928665c72ec6c0a0b8e"
dependencies = [
 "cfg-if 0.1.10",
 "libc",
 "memory_units 0.4.0",
 "winapi",
]

[[package]]
name = "winapi"
version = "0.3.9"
source = "registry+https://github.com/rust-lang/crates.io-index"
checksum = "5c839a674fcd7a98952e593242ea400abe93992746761e38641405d28b00f419"
dependencies = [
 "winapi-i686-pc-windows-gnu",
 "winapi-x86_64-pc-windows-gnu",
]

[[package]]
name = "winapi-i686-pc-windows-gnu"
version = "0.4.0"
source = "registry+https://github.com/rust-lang/crates.io-index"
checksum = "ac3b87c63620426dd9b991e5ce0329eff545bccbbb34f3be09ff6fb6ab51b7b6"

[[package]]
name = "winapi-util"
version = "0.1.5"
source = "registry+https://github.com/rust-lang/crates.io-index"
checksum = "70ec6ce85bb158151cae5e5c87f95a8e97d2c0c4b001223f33a334e3ce5de178"
dependencies = [
 "winapi",
]

[[package]]
name = "winapi-x86_64-pc-windows-gnu"
version = "0.4.0"
source = "registry+https://github.com/rust-lang/crates.io-index"
checksum = "712e227841d057c1ee1cd2fb22fa7e5a5461ae8e48fa2ca79ec42cfc1931183f"

[[package]]
name = "wyz"
version = "0.2.0"
source = "registry+https://github.com/rust-lang/crates.io-index"
checksum = "85e60b0d1b5f99db2556934e21937020776a5d31520bf169e851ac44e6420214"

[[package]]
name = "zeroize"
version = "1.3.0"
source = "registry+https://github.com/rust-lang/crates.io-index"
checksum = "4756f7db3f7b5574938c3eb1c117038b8e07f95ee6718c0efad4ac21508f1efd"
dependencies = [
 "zeroize_derive",
]

[[package]]
name = "zeroize_derive"
version = "1.3.3"
source = "registry+https://github.com/rust-lang/crates.io-index"
checksum = "44bf07cb3e50ea2003396695d58bf46bc9887a1f362260446fad6bc4e79bd36c"
dependencies = [
 "proc-macro2",
 "quote",
 "syn",
 "synstructure",
]
